
Microsoft Visual Studio Solution File, Format Version 12.00
# Visual Studio 15
VisualStudioVersion = 15.0.28010.2048
MinimumVisualStudioVersion = 10.0.40219.1
Project("{FAE04EC0-301F-11D3-BF4B-00C04F79EFBC}") = "BlackMirrorServer", "BlackMirrorServer\BlackMirrorServer.csproj", "{5D27CE48-6192-49A7-9D7E-95C0B59CDBA0}"
EndProject
Global
	GlobalSection(SolutionConfigurationPlatforms) = preSolution
		Debug|Any CPU = Debug|Any CPU
		Release|Any CPU = Release|Any CPU
	EndGlobalSection
	GlobalSection(ProjectConfigurationPlatforms) = postSolution
		{5D27CE48-6192-49A7-9D7E-95C0B59CDBA0}.Debug|Any CPU.ActiveCfg = Debug|Any CPU
		{5D27CE48-6192-49A7-9D7E-95C0B59CDBA0}.Debug|Any CPU.Build.0 = Debug|Any CPU
		{5D27CE48-6192-49A7-9D7E-95C0B59CDBA0}.Release|Any CPU.ActiveCfg = Release|Any CPU
		{5D27CE48-6192-49A7-9D7E-95C0B59CDBA0}.Release|Any CPU.Build.0 = Release|Any CPU
	EndGlobalSection
	GlobalSection(SolutionProperties) = preSolution
		HideSolutionNode = FALSE
	EndGlobalSection
	GlobalSection(ExtensibilityGlobals) = postSolution
		SolutionGuid = {A57E6FD8-8E9C-4F78-8560-F4747C835547}
	EndGlobalSection
EndGlobal
